
Microsoft Visual Studio Solution File, Format Version 12.00
# Visual Studio Version 16
VisualStudioVersion = 16.0.32002.261
MinimumVisualStudioVersion = 10.0.40219.1
Project("{FAE04EC0-301F-11D3-BF4B-00C04F79EFBC}") = "QLDSV_TC", "QLDSV_TC\QLDSV_TC.csproj", "{2239D090-9E83-45A0-ACC1-B243B2CD68F8}"
EndProject
Global
	GlobalSection(SolutionConfigurationPlatforms) = preSolution
		Debug|Any CPU = Debug|Any CPU
		Release|Any CPU = Release|Any CPU
	EndGlobalSection
	GlobalSection(ProjectConfigurationPlatforms) = postSolution
		{2239D090-9E83-45A0-ACC1-B243B2CD68F8}.Debug|Any CPU.ActiveCfg = Debug|Any CPU
		{2239D090-9E83-45A0-ACC1-B243B2CD68F8}.Debug|Any CPU.Build.0 = Debug|Any CPU
		{2239D090-9E83-45A0-ACC1-B243B2CD68F8}.Release|Any CPU.ActiveCfg = Release|Any CPU
		{2239D090-9E83-45A0-ACC1-B243B2CD68F8}.Release|Any CPU.Build.0 = Release|Any CPU
	EndGlobalSection
	GlobalSection(SolutionProperties) = preSolution
		HideSolutionNode = FALSE
	EndGlobalSection
	GlobalSection(ExtensibilityGlobals) = postSolution
		SolutionGuid = {77201800-C6AF-4CC3-BD35-A29DD7F076AB}
	EndGlobalSection
EndGlobal
